
Microsoft Visual Studio Solution File, Format Version 12.00
# Visual Studio Version 17
VisualStudioVersion = 17.14.36915.13 d17.14
MinimumVisualStudioVersion = 10.0.40219.1
Project("{8BC9CEB8-8B4A-11D0-8D11-00A0C91BC942}") = "DsonTest2", "DsonTest2\DsonTest2.vcxproj", "{5F8E334A-2708-4292-9F9E-7AE2E14403D8}"
	ProjectSection(ProjectDependencies) = postProject
		{A4E91D44-8960-46EE-92F6-4FDD21C3FC9C} = {A4E91D44-8960-46EE-92F6-4FDD21C3FC9C}
	EndProjectSection
EndProject
Project("{8BC9CEB8-8B4A-11D0-8D11-00A0C91BC942}") = "DsonParser", "DsonParser\DsonParser.vcxproj", "{A4E91D44-8960-46EE-92F6-4FDD21C3FC9C}"
EndProject
Project("{8BC9CEB8-8B4A-11D0-8D11-00A0C91BC942}") = "DsonLoadTest", "DsonLoadTest\DsonLoadTest.vcxproj", "{CC953286-6FDB-4A55-9656-48516B513FD8}"
	ProjectSection(ProjectDependencies) = postProject
		{A4E91D44-8960-46EE-92F6-4FDD21C3FC9C} = {A4E91D44-8960-46EE-92F6-4FDD21C3FC9C}
	EndProjectSection
EndProject
Global
	GlobalSection(SolutionConfigurationPlatforms) = preSolution
		Debug|x64 = Debug|x64
		Debug|x86 = Debug|x86
		Release|x64 = Release|x64
		Release|x86 = Release|x86
	EndGlobalSection
	GlobalSection(ProjectConfigurationPlatforms) = postSolution
		{5F8E334A-2708-4292-9F9E-7AE2E14403D8}.Debug|x64.ActiveCfg = Debug|x64
		{5F8E334A-2708-4292-9F9E-7AE2E14403D8}.Debug|x64.Build.0 = Debug|x64
		{5F8E334A-2708-4292-9F9E-7AE2E14403D8}.Debug|x86.ActiveCfg = Debug|Win32
		{5F8E334A-2708-4292-9F9E-7AE2E14403D8}.Debug|x86.Build.0 = Debug|Win32
		{5F8E334A-2708-4292-9F9E-7AE2E14403D8}.Release|x64.ActiveCfg = Release|x64
		{5F8E334A-2708-4292-9F9E-7AE2E14403D8}.Release|x64.Build.0 = Release|x64
		{5F8E334A-2708-4292-9F9E-7AE2E14403D8}.Release|x86.ActiveCfg = Release|Win32
		{5F8E334A-2708-4292-9F9E-7AE2E14403D8}.Release|x86.Build.0 = Release|Win32
		{A4E91D44-8960-46EE-92F6-4FDD21C3FC9C}.Debug|x64.ActiveCfg = Debug|x64
		{A4E91D44-8960-46EE-92F6-4FDD21C3FC9C}.Debug|x64.Build.0 = Debug|x64
		{A4E91D44-8960-46EE-92F6-4FDD21C3FC9C}.Debug|x86.ActiveCfg = Debug|Win32
		{A4E91D44-8960-46EE-92F6-4FDD21C3FC9C}.Debug|x86.Build.0 = Debug|Win32
		{A4E91D44-8960-46EE-92F6-4FDD21C3FC9C}.Release|x64.ActiveCfg = Release|x64
		{A4E91D44-8960-46EE-92F6-4FDD21C3FC9C}.Release|x64.Build.0 = Release|x64
		{A4E91D44-8960-46EE-92F6-4FDD21C3FC9C}.Release|x86.ActiveCfg = Release|Win32
		{A4E91D44-8960-46EE-92F6-4FDD21C3FC9C}.Release|x86.Build.0 = Release|Win32
		{CC953286-6FDB-4A55-9656-48516B513FD8}.Debug|x64.ActiveCfg = Debug|x64
		{CC953286-6FDB-4A55-9656-48516B513FD8}.Debug|x64.Build.0 = Debug|x64
		{CC953286-6FDB-4A55-9656-48516B513FD8}.Debug|x86.ActiveCfg = Debug|Win32
		{CC953286-6FDB-4A55-9656-48516B513FD8}.Debug|x86.Build.0 = Debug|Win32
		{CC953286-6FDB-4A55-9656-48516B513FD8}.Release|x64.ActiveCfg = Release|x64
		{CC953286-6FDB-4A55-9656-48516B513FD8}.Release|x64.Build.0 = Release|x64
		{CC953286-6FDB-4A55-9656-48516B513FD8}.Release|x86.ActiveCfg = Release|Win32
		{CC953286-6FDB-4A55-9656-48516B513FD8}.Release|x86.Build.0 = Release|Win32
	EndGlobalSection
	GlobalSection(SolutionProperties) = preSolution
		HideSolutionNode = FALSE
	EndGlobalSection
	GlobalSection(ExtensibilityGlobals) = postSolution
		SolutionGuid = {AF6DD0A1-9672-4C4C-9B00-986C32FEBE38}
	EndGlobalSection
EndGlobal
